
Microsoft Visual Studio Solution File, Format Version 12.00
# Visual Studio Version 16
VisualStudioVersion = 16.0.31702.278
MinimumVisualStudioVersion = 10.0.40219.1
Project("{FAE04EC0-301F-11D3-BF4B-00C04F79EFBC}") = "M4S2", "M4S2\M4S2.csproj", "{77B80C27-5FBE-44C3-AEE2-25CE3EF1EA29}"
EndProject
Global
	GlobalSection(SolutionConfigurationPlatforms) = preSolution
		Debug|Any CPU = Debug|Any CPU
		Release|Any CPU = Release|Any CPU
	EndGlobalSection
	GlobalSection(ProjectConfigurationPlatforms) = postSolution
		{77B80C27-5FBE-44C3-AEE2-25CE3EF1EA29}.Debug|Any CPU.ActiveCfg = Debug|Any CPU
		{77B80C27-5FBE-44C3-AEE2-25CE3EF1EA29}.Debug|Any CPU.Build.0 = Debug|Any CPU
		{77B80C27-5FBE-44C3-AEE2-25CE3EF1EA29}.Release|Any CPU.ActiveCfg = Release|Any CPU
		{77B80C27-5FBE-44C3-AEE2-25CE3EF1EA29}.Release|Any CPU.Build.0 = Release|Any CPU
	EndGlobalSection
	GlobalSection(SolutionProperties) = preSolution
		HideSolutionNode = FALSE
	EndGlobalSection
	GlobalSection(ExtensibilityGlobals) = postSolution
		SolutionGuid = {346D3E34-B76E-4D2C-809D-8609AE3FE738}
	EndGlobalSection
EndGlobal
